// !$*UTF8*$!
{
	archiveVersion = 1;
	classes = {
	};
	objectVersion = 46;
	objects = {

/* Begin PBXBuildFile section */
		4704348919A5C384003456EA /* Foundation.framework in Frameworks */ = {isa = PBXBuildFile; fileRef = 4704348819A5C384003456EA /* Foundation.framework */; };
		4704348B19A5C384003456EA /* CoreGraphics.framework in Frameworks */ = {isa = PBXBuildFile; fileRef = 4704348A19A5C384003456EA /* CoreGraphics.framework */; };
		4704348D19A5C384003456EA /* UIKit.framework in Frameworks */ = {isa = PBXBuildFile; fileRef = 4704348C19A5C384003456EA /* UIKit.framework */; };
		4704349319A5C384003456EA /* InfoPlist.strings in Resources */ = {isa = PBXBuildFile; fileRef = 4704349119A5C384003456EA /* InfoPlist.strings */; };
		4704349519A5C384003456EA /* main.m in Sources */ = {isa = PBXBuildFile; fileRef = 4704349419A5C384003456EA /* main.m */; };
		4704349919A5C384003456EA /* AppDelegate.m in Sources */ = {isa = PBXBuildFile; fileRef = 4704349819A5C384003456EA /* AppDelegate.m */; };
		4704349C19A5C384003456EA /* Main_iPhone.storyboard in Resources */ = {isa = PBXBuildFile; fileRef = 4704349A19A5C384003456EA /* Main_iPhone.storyboard */; };
		4704349F19A5C384003456EA /* Main_iPad.storyboard in Resources */ = {isa = PBXBuildFile; fileRef = 4704349D19A5C384003456EA /* Main_iPad.storyboard */; };
		470434A219A5C384003456EA /* MasterViewController.m in Sources */ = {isa = PBXBuildFile; fileRef = 470434A119A5C384003456EA /* MasterViewController.m */; };
		470434A519A5C384003456EA /* DetailViewController.m in Sources */ = {isa = PBXBuildFile; fileRef = 470434A419A5C384003456EA /* DetailViewController.m */; };
		470434A719A5C384003456EA /* Images.xcassets in Resources */ = {isa = PBXBuildFile; fileRef = 470434A619A5C384003456EA /* Images.xcassets */; };
		470434AE19A5C384003456EA /* XCTest.framework in Frameworks */ = {isa = PBXBuildFile; fileRef = 470434AD19A5C384003456EA /* XCTest.framework */; };
		470434AF19A5C384003456EA /* Foundation.framework in Frameworks */ = {isa = PBXBuildFile; fileRef = 4704348819A5C384003456EA /* Foundation.framework */; };
		470434B019A5C384003456EA /* UIKit.framework in Frameworks */ = {isa = PBXBuildFile; fileRef = 4704348C19A5C384003456EA /* UIKit.framework */; };
		470434B819A5C384003456EA /* InfoPlist.strings in Resources */ = {isa = PBXBuildFile; fileRef = 470434B619A5C384003456EA /* InfoPlist.strings */; };
		470434BA19A5C384003456EA /* week7Tests.m in Sources */ = {isa = PBXBuildFile; fileRef = 470434B919A5C384003456EA /* week7Tests.m */; };
		470434C419A5C66D003456EA /* CoreFoundation.framework in Frameworks */ = {isa = PBXBuildFile; fileRef = 470434C319A5C66D003456EA /* CoreFoundation.framework */; };
/* End PBXBuildFile section */

/* Begin PBXContainerItemProxy section */
		470434B119A5C384003456EA /* PBXContainerItemProxy */ = {
			isa = PBXContainerItemProxy;
			containerPortal = 4704347D19A5C383003456EA /* Project object */;
			proxyType = 1;
			remoteGlobalIDString = 4704348419A5C383003456EA;
			remoteInfo = week7;
		};
/* End PBXContainerItemProxy section */

/* Begin PBXFileReference section */
		4704348519A5C384003456EA /* week7.app */ = {isa = PBXFileReference; explicitFileType = wrapper.application; includeInIndex = 0; path = week7.app; sourceTree = BUILT_PRODUCTS_DIR; };
		4704348819A5C384003456EA /* Foundation.framework */ = {isa = PBXFileReference; lastKnownFileType = wrapper.framework; name = Foundation.framework; path = System/Library/Frameworks/Foundation.framework; sourceTree = SDKROOT; };
		4704348A19A5C384003456EA /* CoreGraphics.framework */ = {isa = PBXFileReference; lastKnownFileType = wrapper.framework; name = CoreGraphics.framework; path = System/Library/Frameworks/CoreGraphics.framework; sourceTree = SDKROOT; };
		4704348C19A5C384003456EA /* UIKit.framework */ = {isa = PBXFileReference; lastKnownFileType = wrapper.framework; name = UIKit.framework; path = System/Library/Frameworks/UIKit.framework; sourceTree = SDKROOT; };
		4704349019A5C384003456EA /* week7-Info.plist */ = {isa = PBXFileReference; lastKnownFileType = text.plist.xml; path = "week7-Info.plist"; sourceTree = "<group>"; };
		4704349219A5C384003456EA /* en */ = {isa = PBXFileReference; lastKnownFileType = text.plist.strings; name = en; path = en.lproj/InfoPlist.strings; sourceTree = "<group>"; };
		4704349419A5C384003456EA /* main.m */ = {isa = PBXFileReference; lastKnownFileType = sourcecode.c.objc; path = main.m; sourceTree = "<group>"; };
		4704349619A5C384003456EA /* week7-Prefix.pch */ = {isa = PBXFileReference; lastKnownFileType = sourcecode.c.h; path = "week7-Prefix.pch"; sourceTree = "<group>"; };
		4704349719A5C384003456EA /* AppDelegate.h */ = {isa = PBXFileReference; lastKnownFileType = sourcecode.c.h; path = AppDelegate.h; sourceTree = "<group>"; };
		4704349819A5C384003456EA /* AppDelegate.m */ = {isa = PBXFileReference; lastKnownFileType = sourcecode.c.objc; path = AppDelegate.m; sourceTree = "<group>"; };
		4704349B19A5C384003456EA /* Base */ = {isa = PBXFileReference; lastKnownFileType = file.storyboard; name = Base; path = Base.lproj/Main_iPhone.storyboard; sourceTree = "<group>"; };
		4704349E19A5C384003456EA /* Base */ = {isa = PBXFileReference; lastKnownFileType = file.storyboard; name = Base; path = Base.lproj/Main_iPad.storyboard; sourceTree = "<group>"; };
		470434A019A5C384003456EA /* MasterViewController.h */ = {isa = PBXFileReference; lastKnownFileType = sourcecode.c.h; path = MasterViewController.h; sourceTree = "<group>"; };
		470434A119A5C384003456EA /* MasterViewController.m */ = {isa = PBXFileReference; lastKnownFileType = sourcecode.c.objc; path = MasterViewController.m; sourceTree = "<group>"; };
		470434A319A5C384003456EA /* DetailViewController.h */ = {isa = PBXFileReference; lastKnownFileType = sourcecode.c.h; path = DetailViewController.h; sourceTree = "<group>"; };
		470434A419A5C384003456EA /* DetailViewController.m */ = {isa = PBXFileReference; lastKnownFileType = sourcecode.c.objc; path = DetailViewController.m; sourceTree = "<group>"; };
		470434A619A5C384003456EA /* Images.xcassets */ = {isa = PBXFileReference; lastKnownFileType = folder.assetcatalog; path = Images.xcassets; sourceTree = "<group>"; };
		470434AC19A5C384003456EA /* week7Tests.xctest */ = {isa = PBXFileReference; explicitFileType = wrapper.cfbundle; includeInIndex = 0; path = week7Tests.xctest; sourceTree = BUILT_PRODUCTS_DIR; };
		470434AD19A5C384003456EA /* XCTest.framework */ = {isa = PBXFileReference; lastKnownFileType = wrapper.framework; name = XCTest.framework; path = Library/Frameworks/XCTest.framework; sourceTree = DEVELOPER_DIR; };
		470434B519A5C384003456EA /* week7Tests-Info.plist */ = {isa = PBXFileReference; lastKnownFileType = text.plist.xml; path = "week7Tests-Info.plist"; sourceTree = "<group>"; };
		470434B719A5C384003456EA /* en */ = {isa = PBXFileReference; lastKnownFileType = text.plist.strings; name = en; path = en.lproj/InfoPlist.strings; sourceTree = "<group>"; };
		470434B919A5C384003456EA /* week7Tests.m */ = {isa = PBXFileReference; lastKnownFileType = sourcecode.c.objc; path = week7Tests.m; sourceTree = "<group>"; };
		470434C319A5C66D003456EA /* CoreFoundation.framework */ = {isa = PBXFileReference; lastKnownFileType = wrapper.framework; name = CoreFoundation.framework; path = System/Library/Frameworks/CoreFoundation.framework; sourceTree = SDKROOT; };
/* End PBXFileReference section */

/* Begin PBXFrameworksBuildPhase section */
		4704348219A5C383003456EA /* Frameworks */ = {
			isa = PBXFrameworksBuildPhase;
			buildActionMask = 2147483647;
			files = (
				470434C419A5C66D003456EA /* CoreFoundation.framework in Frameworks */,
				4704348B19A5C384003456EA /* CoreGraphics.framework in Frameworks */,
				4704348D19A5C384003456EA /* UIKit.framework in Frameworks */,
				4704348919A5C384003456EA /* Foundation.framework in Frameworks */,
			);
			runOnlyForDeploymentPostprocessing = 0;
		};
		470434A919A5C384003456EA /* Frameworks */ = {
			isa = PBXFrameworksBuildPhase;
			buildActionMask = 2147483647;
			files = (
				470434AE19A5C384003456EA /* XCTest.framework in Frameworks */,
				470434B019A5C384003456EA /* UIKit.framework in Frameworks */,
				470434AF19A5C384003456EA /* Foundation.framework in Frameworks */,
			);
			runOnlyForDeploymentPostprocessing = 0;
		};
/* End PBXFrameworksBuildPhase section */

/* Begin PBXGroup section */
		4704347C19A5C383003456EA = {
			isa = PBXGroup;
			children = (
				4704348E19A5C384003456EA /* week7 */,
				470434B319A5C384003456EA /* week7Tests */,
				4704348719A5C384003456EA /* Frameworks */,
				4704348619A5C384003456EA /* Products */,
			);
			sourceTree = "<group>";
		};
		4704348619A5C384003456EA /* Products */ = {
			isa = PBXGroup;
			children = (
				4704348519A5C384003456EA /* week7.app */,
				470434AC19A5C384003456EA /* week7Tests.xctest */,
			);
			name = Products;
			sourceTree = "<group>";
		};
		4704348719A5C384003456EA /* Frameworks */ = {
			isa = PBXGroup;
			children = (
				470434C319A5C66D003456EA /* CoreFoundation.framework */,
				4704348819A5C384003456EA /* Foundation.framework */,
				4704348A19A5C384003456EA /* CoreGraphics.framework */,
				4704348C19A5C384003456EA /* UIKit.framework */,
				470434AD19A5C384003456EA /* XCTest.framework */,
			);
			name = Frameworks;
			sourceTree = "<group>";
		};
		4704348E19A5C384003456EA /* week7 */ = {
			isa = PBXGroup;
			children = (
				4704349719A5C384003456EA /* AppDelegate.h */,
				4704349819A5C384003456EA /* AppDelegate.m */,
				4704349A19A5C384003456EA /* Main_iPhone.storyboard */,
				4704349D19A5C384003456EA /* Main_iPad.storyboard */,
				470434A019A5C384003456EA /* MasterViewController.h */,
				470434A119A5C384003456EA /* MasterViewController.m */,
				470434A319A5C384003456EA /* DetailViewController.h */,
				470434A419A5C384003456EA /* DetailViewController.m */,
				470434A619A5C384003456EA /* Images.xcassets */,
				4704348F19A5C384003456EA /* Supporting Files */,
			);
			path = week7;
			sourceTree = "<group>";
		};
		4704348F19A5C384003456EA /* Supporting Files */ = {
			isa = PBXGroup;
			children = (
				4704349019A5C384003456EA /* week7-Info.plist */,
				4704349119A5C384003456EA /* InfoPlist.strings */,
				4704349419A5C384003456EA /* main.m */,
				4704349619A5C384003456EA /* week7-Prefix.pch */,
			);
			name = "Supporting Files";
			sourceTree = "<group>";
		};
		470434B319A5C384003456EA /* week7Tests */ = {
			isa = PBXGroup;
			children = (
				470434B919A5C384003456EA /* week7Tests.m */,
				470434B419A5C384003456EA /* Supporting Files */,
			);
			path = week7Tests;
			sourceTree = "<group>";
		};
		470434B419A5C384003456EA /* Supporting Files */ = {
			isa = PBXGroup;
			children = (
				470434B519A5C384003456EA /* week7Tests-Info.plist */,
				470434B619A5C384003456EA /* InfoPlist.strings */,
			);
			name = "Supporting Files";
			sourceTree = "<group>";
		};
/* End PBXGroup section */

/* Begin PBXNativeTarget section */
		4704348419A5C383003456EA /* week7 */ = {
			isa = PBXNativeTarget;
			buildConfigurationList = 470434BD19A5C384003456EA /* Build configuration list for PBXNativeTarget "week7" */;
			buildPhases = (
				4704348119A5C383003456EA /* Sources */,
				4704348219A5C383003456EA /* Frameworks */,
				4704348319A5C383003456EA /* Resources */,
			);
			buildRules = (
			);
			dependencies = (
			);
			name = week7;
			productName = week7;
			productReference = 4704348519A5C384003456EA /* week7.app */;
			productType = "com.apple.product-type.application";
		};
		470434AB19A5C384003456EA /* week7Tests */ = {
			isa = PBXNativeTarget;
			buildConfigurationList = 470434C019A5C384003456EA /* Build configuration list for PBXNativeTarget "week7Tests" */;
			buildPhases = (
				470434A819A5C384003456EA /* Sources */,
				470434A919A5C384003456EA /* Frameworks */,
				470434AA19A5C384003456EA /* Resources */,
			);
			buildRules = (
			);
			dependencies = (
				470434B219A5C384003456EA /* PBXTargetDependency */,
			);
			name = week7Tests;
			productName = week7Tests;
			productReference = 470434AC19A5C384003456EA /* week7Tests.xctest */;
			productType = "com.apple.product-type.bundle.unit-test";
		};
/* End PBXNativeTarget section */

/* Begin PBXProject section */
		4704347D19A5C383003456EA /* Project object */ = {
			isa = PBXProject;
			attributes = {
				LastUpgradeCheck = 0510;
				ORGANIZATIONNAME = com.jehogu;
				TargetAttributes = {
					470434AB19A5C384003456EA = {
						TestTargetID = 4704348419A5C383003456EA;
					};
				};
			};
			buildConfigurationList = 4704348019A5C383003456EA /* Build configuration list for PBXProject "week7" */;
			compatibilityVersion = "Xcode 3.2";
			developmentRegion = English;
			hasScannedForEncodings = 0;
			knownRegions = (
				en,
				Base,
			);
			mainGroup = 4704347C19A5C383003456EA;
			productRefGroup = 4704348619A5C384003456EA /* Products */;
			projectDirPath = "";
			projectRoot = "";
			targets = (
				4704348419A5C383003456EA /* week7 */,
				470434AB19A5C384003456EA /* week7Tests */,
			);
		};
/* End PBXProject section */

/* Begin PBXResourcesBuildPhase section */
		4704348319A5C383003456EA /* Resources */ = {
			isa = PBXResourcesBuildPhase;
			buildActionMask = 2147483647;
			files = (
				4704349F19A5C384003456EA /* Main_iPad.storyboard in Resources */,
				470434A719A5C384003456EA /* Images.xcassets in Resources */,
				4704349C19A5C384003456EA /* Main_iPhone.storyboard in Resources */,
				4704349319A5C384003456EA /* InfoPlist.strings in Resources */,
			);
			runOnlyForDeploymentPostprocessing = 0;
		};
		470434AA19A5C384003456EA /* Resources */ = {
			isa = PBXResourcesBuildPhase;
			buildActionMask = 2147483647;
			files = (
				470434B819A5C384003456EA /* InfoPlist.strings in Resources */,
			);
			runOnlyForDeploymentPostprocessing = 0;
		};
/* End PBXResourcesBuildPhase section */

/* Begin PBXSourcesBuildPhase section */
		4704348119A5C383003456EA /* Sources */ = {
			isa = PBXSourcesBuildPhase;
			buildActionMask = 2147483647;
			files = (
				4704349919A5C384003456EA /* AppDelegate.m in Sources */,
				470434A219A5C384003456EA /* MasterViewController.m in Sources */,
				4704349519A5C384003456EA /* main.m in Sources */,
				470434A519A5C384003456EA /* DetailViewController.m in Sources */,
			);
			runOnlyForDeploymentPostprocessing = 0;
		};
		470434A819A5C384003456EA /* Sources */ = {
			isa = PBXSourcesBuildPhase;
			buildActionMask = 2147483647;
			files = (
				470434BA19A5C384003456EA /* week7Tests.m in Sources */,
			);
			runOnlyForDeploymentPostprocessing = 0;
		};
/* End PBXSourcesBuildPhase section */

/* Begin PBXTargetDependency section */
		470434B219A5C384003456EA /* PBXTargetDependency */ = {
			isa = PBXTargetDependency;
			target = 4704348419A5C383003456EA /* week7 */;
			targetProxy = 470434B119A5C384003456EA /* PBXContainerItemProxy */;
		};
/* End PBXTargetDependency section */

/* Begin PBXVariantGroup section */
		4704349119A5C384003456EA /* InfoPlist.strings */ = {
			isa = PBXVariantGroup;
			children = (
				4704349219A5C384003456EA /* en */,
			);
			name = InfoPlist.strings;
			sourceTree = "<group>";
		};
		4704349A19A5C384003456EA /* Main_iPhone.storyboard */ = {
			isa = PBXVariantGroup;
			children = (
				4704349B19A5C384003456EA /* Base */,
			);
			name = Main_iPhone.storyboard;
			sourceTree = "<group>";
		};
		4704349D19A5C384003456EA /* Main_iPad.storyboard */ = {
			isa = PBXVariantGroup;
			children = (
				4704349E19A5C384003456EA /* Base */,
			);
			name = Main_iPad.storyboard;
			sourceTree = "<group>";
		};
		470434B619A5C384003456EA /* InfoPlist.strings */ = {
			isa = PBXVariantGroup;
			children = (
				470434B719A5C384003456EA /* en */,
			);
			name = InfoPlist.strings;
			sourceTree = "<group>";
		};
/* End PBXVariantGroup section */

/* Begin XCBuildConfiguration section */
		470434BB19A5C384003456EA /* Debug */ = {
			isa = XCBuildConfiguration;
			buildSettings = {
				ALWAYS_SEARCH_USER_PATHS = NO;
				CLANG_CXX_LANGUAGE_STANDARD = "gnu++0x";
				CLANG_CXX_LIBRARY = "libc++";
				CLANG_ENABLE_MODULES = YES;
				CLANG_ENABLE_OBJC_ARC = YES;
				CLANG_WARN_BOOL_CONVERSION = YES;
				CLANG_WARN_CONSTANT_CONVERSION = YES;
				CLANG_WARN_DIRECT_OBJC_ISA_USAGE = YES_ERROR;
				CLANG_WARN_EMPTY_BODY = YES;
				CLANG_WARN_ENUM_CONVERSION = YES;
				CLANG_WARN_INT_CONVERSION = YES;
				CLANG_WARN_OBJC_ROOT_CLASS = YES_ERROR;
				CLANG_WARN__DUPLICATE_METHOD_MATCH = YES;
				"CODE_SIGN_IDENTITY[sdk=iphoneos*]" = "iPhone Developer";
				COPY_PHASE_STRIP = NO;
				GCC_C_LANGUAGE_STANDARD = gnu99;
				GCC_DYNAMIC_NO_PIC = NO;
				GCC_OPTIMIZATION_LEVEL = 0;
				GCC_PREPROCESSOR_DEFINITIONS = (
					"DEBUG=1",
					"$(inherited)",
				);
				GCC_SYMBOLS_PRIVATE_EXTERN = NO;
				GCC_WARN_64_TO_32_BIT_CONVERSION = YES;
				GCC_WARN_ABOUT_RETURN_TYPE = YES_ERROR;
				GCC_WARN_UNDECLARED_SELECTOR = YES;
				GCC_WARN_UNINITIALIZED_AUTOS = YES_AGGRESSIVE;
				GCC_WARN_UNUSED_FUNCTION = YES;
				GCC_WARN_UNUSED_VARIABLE = YES;
				IPHONEOS_DEPLOYMENT_TARGET = 7.1;
				ONLY_ACTIVE_ARCH = YES;
				SDKROOT = iphoneos;
				TARGETED_DEVICE_FAMILY = "1,2";
			};
			name = Debug;
		};
		470434BC19A5C384003456EA /* Release */ = {
			isa = XCBuildConfiguration;
			buildSettings = {
				ALWAYS_SEARCH_USER_PATHS = NO;
				CLANG_CXX_LANGUAGE_STANDARD = "gnu++0x";
				CLANG_CXX_LIBRARY = "libc++";
				CLANG_ENABLE_MODULES = YES;
				CLANG_ENABLE_OBJC_ARC = YES;
				CLANG_WARN_BOOL_CONVERSION = YES;
				CLANG_WARN_CONSTANT_CONVERSION = YES;
				CLANG_WARN_DIRECT_OBJC_ISA_USAGE = YES_ERROR;
				CLANG_WARN_EMPTY_BODY = YES;
				CLANG_WARN_ENUM_CONVERSION = YES;
				CLANG_WARN_INT_CONVERSION = YES;
				CLANG_WARN_OBJC_ROOT_CLASS = YES_ERROR;
				CLANG_WARN__DUPLICATE_METHOD_MATCH = YES;
				"CODE_SIGN_IDENTITY[sdk=iphoneos*]" = "iPhone Developer";
				COPY_PHASE_STRIP = YES;
				ENABLE_NS_ASSERTIONS = NO;
				GCC_C_LANGUAGE_STANDARD = gnu99;
				GCC_WARN_64_TO_32_BIT_CONVERSION = YES;
				GCC_WARN_ABOUT_RETURN_TYPE = YES_ERROR;
				GCC_WARN_UNDECLARED_SELECTOR = YES;
				GCC_WARN_UNINITIALIZED_AUTOS = YES_AGGRESSIVE;
				GCC_WARN_UNUSED_FUNCTION = YES;
				GCC_WARN_UNUSED_VARIABLE = YES;
				IPHONEOS_DEPLOYMENT_TARGET = 7.1;
				SDKROOT = iphoneos;
				TARGETED_DEVICE_FAMILY = "1,2";
				VALIDATE_PRODUCT = YES;
			};
			name = Release;
		};
		470434BE19A5C384003456EA /* Debug */ = {
			isa = XCBuildConfiguration;
			buildSettings = {
				ASSETCATALOG_COMPILER_APPICON_NAME = AppIcon;
				ASSETCATALOG_COMPILER_LAUNCHIMAGE_NAME = LaunchImage;
				GCC_PRECOMPILE_PREFIX_HEADER = YES;
				GCC_PREFIX_HEADER = "week7/week7-Prefix.pch";
				INFOPLIST_FILE = "week7/week7-Info.plist";
				PRODUCT_NAME = "$(TARGET_NAME)";
				WRAPPER_EXTENSION = app;
			};
			name = Debug;
		};
		470434BF19A5C384003456EA /* Release */ = {
			isa = XCBuildConfiguration;
			buildSettings = {
				ASSETCATALOG_COMPILER_APPICON_NAME = AppIcon;
				ASSETCATALOG_COMPILER_LAUNCHIMAGE_NAME = LaunchImage;
				GCC_PRECOMPILE_PREFIX_HEADER = YES;
				GCC_PREFIX_HEADER = "week7/week7-Prefix.pch";
				INFOPLIST_FILE = "week7/week7-Info.plist";
				PRODUCT_NAME = "$(TARGET_NAME)";
				WRAPPER_EXTENSION = app;
			};
			name = Release;
		};
		470434C119A5C384003456EA /* Debug */ = {
			isa = XCBuildConfiguration;
			buildSettings = {
				BUNDLE_LOADER = "$(BUILT_PRODUCTS_DIR)/week7.app/week7";
				FRAMEWORK_SEARCH_PATHS = (
					"$(SDKROOT)/Developer/Library/Frameworks",
					"$(inherited)",
					"$(DEVELOPER_FRAMEWORKS_DIR)",
				);
				GCC_PRECOMPILE_PREFIX_HEADER = YES;
				GCC_PREFIX_HEADER = "week7/week7-Prefix.pch";
				GCC_PREPROCESSOR_DEFINITIONS = (
					"DEBUG=1",
					"$(inherited)",
				);
				INFOPLIST_FILE = "week7Tests/week7Tests-Info.plist";
				PRODUCT_NAME = "$(TARGET_NAME)";
				TEST_HOST = "$(BUNDLE_LOADER)";
				WRAPPER_EXTENSION = xctest;
			};
			name = Debug;
		};
		470434C219A5C384003456EA /* Release */ = {
			isa = XCBuildConfiguration;
			buildSettings = {
				BUNDLE_LOADER = "$(BUILT_PRODUCTS_DIR)/week7.app/week7";
				FRAMEWORK_SEARCH_PATHS = (
					"$(SDKROOT)/Developer/Library/Frameworks",
					"$(inherited)",
					"$(DEVELOPER_FRAMEWORKS_DIR)",
				);
				GCC_PRECOMPILE_PREFIX_HEADER = YES;
				GCC_PREFIX_HEADER = "week7/week7-Prefix.pch";
				INFOPLIST_FILE = "week7Tests/week7Tests-Info.plist";
				PRODUCT_NAME = "$(TARGET_NAME)";
				TEST_HOST = "$(BUNDLE_LOADER)";
				WRAPPER_EXTENSION = xctest;
			};
			name = Release;
		};
/* End XCBuildConfiguration section */

/* Begin XCConfigurationList section */
		4704348019A5C383003456EA /* Build configuration list for PBXProject "week7" */ = {
			isa = XCConfigurationList;
			buildConfigurations = (
				470434BB19A5C384003456EA /* Debug */,
				470434BC19A5C384003456EA /* Release */,
			);
			defaultConfigurationIsVisible = 0;
			defaultConfigurationName = Release;
		};
		470434BD19A5C384003456EA /* Build configuration list for PBXNativeTarget "week7" */ = {
			isa = XCConfigurationList;
			buildConfigurations = (
				470434BE19A5C384003456EA /* Debug */,
				470434BF19A5C384003456EA /* Release */,
			);
			defaultConfigurationIsVisible = 0;
		};
		470434C019A5C384003456EA /* Build configuration list for PBXNativeTarget "week7Tests" */ = {
			isa = XCConfigurationList;
			buildConfigurations = (
				470434C119A5C384003456EA /* Debug */,
				470434C219A5C384003456EA /* Release */,
			);
			defaultConfigurationIsVisible = 0;
		};
/* End XCConfigurationList section */
	};
	rootObject = 4704347D19A5C383003456EA /* Project object */;
}
