// !$*UTF8*$!
{
	archiveVersion = 1;
	classes = {
	};
	objectVersion = 46;
	objects = {

/* Begin PBXBuildFile section */
		477D35B219876A45007ED9DE /* Foundation.framework in Frameworks */ = {isa = PBXBuildFile; fileRef = 477D35B119876A45007ED9DE /* Foundation.framework */; };
		477D35B419876A45007ED9DE /* CoreGraphics.framework in Frameworks */ = {isa = PBXBuildFile; fileRef = 477D35B319876A45007ED9DE /* CoreGraphics.framework */; };
		477D35B619876A45007ED9DE /* UIKit.framework in Frameworks */ = {isa = PBXBuildFile; fileRef = 477D35B519876A45007ED9DE /* UIKit.framework */; };
		477D35BC19876A45007ED9DE /* InfoPlist.strings in Resources */ = {isa = PBXBuildFile; fileRef = 477D35BA19876A45007ED9DE /* InfoPlist.strings */; };
		477D35BE19876A45007ED9DE /* main.m in Sources */ = {isa = PBXBuildFile; fileRef = 477D35BD19876A45007ED9DE /* main.m */; };
		477D35C219876A45007ED9DE /* CustomTabAppDelegate.m in Sources */ = {isa = PBXBuildFile; fileRef = 477D35C119876A45007ED9DE /* CustomTabAppDelegate.m */; };
		477D35C519876A45007ED9DE /* Main_iPhone.storyboard in Resources */ = {isa = PBXBuildFile; fileRef = 477D35C319876A45007ED9DE /* Main_iPhone.storyboard */; };
		477D35C819876A45007ED9DE /* Main_iPad.storyboard in Resources */ = {isa = PBXBuildFile; fileRef = 477D35C619876A45007ED9DE /* Main_iPad.storyboard */; };
		477D35CB19876A45007ED9DE /* CustomTabViewController.m in Sources */ = {isa = PBXBuildFile; fileRef = 477D35CA19876A45007ED9DE /* CustomTabViewController.m */; };
		477D35CD19876A45007ED9DE /* Images.xcassets in Resources */ = {isa = PBXBuildFile; fileRef = 477D35CC19876A45007ED9DE /* Images.xcassets */; };
		477D35D419876A45007ED9DE /* XCTest.framework in Frameworks */ = {isa = PBXBuildFile; fileRef = 477D35D319876A45007ED9DE /* XCTest.framework */; };
		477D35D519876A45007ED9DE /* Foundation.framework in Frameworks */ = {isa = PBXBuildFile; fileRef = 477D35B119876A45007ED9DE /* Foundation.framework */; };
		477D35D619876A45007ED9DE /* UIKit.framework in Frameworks */ = {isa = PBXBuildFile; fileRef = 477D35B519876A45007ED9DE /* UIKit.framework */; };
		477D35DE19876A45007ED9DE /* InfoPlist.strings in Resources */ = {isa = PBXBuildFile; fileRef = 477D35DC19876A45007ED9DE /* InfoPlist.strings */; };
		477D35E019876A45007ED9DE /* mvc_practiceTests.m in Sources */ = {isa = PBXBuildFile; fileRef = 477D35DF19876A45007ED9DE /* mvc_practiceTests.m */; };
/* End PBXBuildFile section */

/* Begin PBXContainerItemProxy section */
		477D35D719876A45007ED9DE /* PBXContainerItemProxy */ = {
			isa = PBXContainerItemProxy;
			containerPortal = 477D35A619876A45007ED9DE /* Project object */;
			proxyType = 1;
			remoteGlobalIDString = 477D35AD19876A45007ED9DE;
			remoteInfo = "mvc-practice";
		};
/* End PBXContainerItemProxy section */

/* Begin PBXFileReference section */
		477D35AE19876A45007ED9DE /* mvc-practice.app */ = {isa = PBXFileReference; explicitFileType = wrapper.application; includeInIndex = 0; path = "mvc-practice.app"; sourceTree = BUILT_PRODUCTS_DIR; };
		477D35B119876A45007ED9DE /* Foundation.framework */ = {isa = PBXFileReference; lastKnownFileType = wrapper.framework; name = Foundation.framework; path = System/Library/Frameworks/Foundation.framework; sourceTree = SDKROOT; };
		477D35B319876A45007ED9DE /* CoreGraphics.framework */ = {isa = PBXFileReference; lastKnownFileType = wrapper.framework; name = CoreGraphics.framework; path = System/Library/Frameworks/CoreGraphics.framework; sourceTree = SDKROOT; };
		477D35B519876A45007ED9DE /* UIKit.framework */ = {isa = PBXFileReference; lastKnownFileType = wrapper.framework; name = UIKit.framework; path = System/Library/Frameworks/UIKit.framework; sourceTree = SDKROOT; };
		477D35B919876A45007ED9DE /* mvc-practice-Info.plist */ = {isa = PBXFileReference; lastKnownFileType = text.plist.xml; path = "mvc-practice-Info.plist"; sourceTree = "<group>"; };
		477D35BB19876A45007ED9DE /* en */ = {isa = PBXFileReference; lastKnownFileType = text.plist.strings; name = en; path = en.lproj/InfoPlist.strings; sourceTree = "<group>"; };
		477D35BD19876A45007ED9DE /* main.m */ = {isa = PBXFileReference; lastKnownFileType = sourcecode.c.objc; path = main.m; sourceTree = "<group>"; };
		477D35BF19876A45007ED9DE /* mvc-practice-Prefix.pch */ = {isa = PBXFileReference; lastKnownFileType = sourcecode.c.h; path = "mvc-practice-Prefix.pch"; sourceTree = "<group>"; };
		477D35C019876A45007ED9DE /* CustomTabAppDelegate.h */ = {isa = PBXFileReference; lastKnownFileType = sourcecode.c.h; path = CustomTabAppDelegate.h; sourceTree = "<group>"; };
		477D35C119876A45007ED9DE /* CustomTabAppDelegate.m */ = {isa = PBXFileReference; lastKnownFileType = sourcecode.c.objc; path = CustomTabAppDelegate.m; sourceTree = "<group>"; };
		477D35C419876A45007ED9DE /* Base */ = {isa = PBXFileReference; lastKnownFileType = file.storyboard; name = Base; path = Base.lproj/Main_iPhone.storyboard; sourceTree = "<group>"; };
		477D35C719876A45007ED9DE /* Base */ = {isa = PBXFileReference; lastKnownFileType = file.storyboard; name = Base; path = Base.lproj/Main_iPad.storyboard; sourceTree = "<group>"; };
		477D35C919876A45007ED9DE /* CustomTabViewController.h */ = {isa = PBXFileReference; lastKnownFileType = sourcecode.c.h; path = CustomTabViewController.h; sourceTree = "<group>"; };
		477D35CA19876A45007ED9DE /* CustomTabViewController.m */ = {isa = PBXFileReference; lastKnownFileType = sourcecode.c.objc; path = CustomTabViewController.m; sourceTree = "<group>"; };
		477D35CC19876A45007ED9DE /* Images.xcassets */ = {isa = PBXFileReference; lastKnownFileType = folder.assetcatalog; path = Images.xcassets; sourceTree = "<group>"; };
		477D35D219876A45007ED9DE /* mvc-practiceTests.xctest */ = {isa = PBXFileReference; explicitFileType = wrapper.cfbundle; includeInIndex = 0; path = "mvc-practiceTests.xctest"; sourceTree = BUILT_PRODUCTS_DIR; };
		477D35D319876A45007ED9DE /* XCTest.framework */ = {isa = PBXFileReference; lastKnownFileType = wrapper.framework; name = XCTest.framework; path = Library/Frameworks/XCTest.framework; sourceTree = DEVELOPER_DIR; };
		477D35DB19876A45007ED9DE /* mvc-practiceTests-Info.plist */ = {isa = PBXFileReference; lastKnownFileType = text.plist.xml; path = "mvc-practiceTests-Info.plist"; sourceTree = "<group>"; };
		477D35DD19876A45007ED9DE /* en */ = {isa = PBXFileReference; lastKnownFileType = text.plist.strings; name = en; path = en.lproj/InfoPlist.strings; sourceTree = "<group>"; };
		477D35DF19876A45007ED9DE /* mvc_practiceTests.m */ = {isa = PBXFileReference; lastKnownFileType = sourcecode.c.objc; path = mvc_practiceTests.m; sourceTree = "<group>"; };
/* End PBXFileReference section */

/* Begin PBXFrameworksBuildPhase section */
		477D35AB19876A45007ED9DE /* Frameworks */ = {
			isa = PBXFrameworksBuildPhase;
			buildActionMask = 2147483647;
			files = (
				477D35B419876A45007ED9DE /* CoreGraphics.framework in Frameworks */,
				477D35B619876A45007ED9DE /* UIKit.framework in Frameworks */,
				477D35B219876A45007ED9DE /* Foundation.framework in Frameworks */,
			);
			runOnlyForDeploymentPostprocessing = 0;
		};
		477D35CF19876A45007ED9DE /* Frameworks */ = {
			isa = PBXFrameworksBuildPhase;
			buildActionMask = 2147483647;
			files = (
				477D35D419876A45007ED9DE /* XCTest.framework in Frameworks */,
				477D35D619876A45007ED9DE /* UIKit.framework in Frameworks */,
				477D35D519876A45007ED9DE /* Foundation.framework in Frameworks */,
			);
			runOnlyForDeploymentPostprocessing = 0;
		};
/* End PBXFrameworksBuildPhase section */

/* Begin PBXGroup section */
		477D35A519876A45007ED9DE = {
			isa = PBXGroup;
			children = (
				477D35B719876A45007ED9DE /* mvc-practice */,
				477D35D919876A45007ED9DE /* mvc-practiceTests */,
				477D35B019876A45007ED9DE /* Frameworks */,
				477D35AF19876A45007ED9DE /* Products */,
			);
			sourceTree = "<group>";
		};
		477D35AF19876A45007ED9DE /* Products */ = {
			isa = PBXGroup;
			children = (
				477D35AE19876A45007ED9DE /* mvc-practice.app */,
				477D35D219876A45007ED9DE /* mvc-practiceTests.xctest */,
			);
			name = Products;
			sourceTree = "<group>";
		};
		477D35B019876A45007ED9DE /* Frameworks */ = {
			isa = PBXGroup;
			children = (
				477D35B119876A45007ED9DE /* Foundation.framework */,
				477D35B319876A45007ED9DE /* CoreGraphics.framework */,
				477D35B519876A45007ED9DE /* UIKit.framework */,
				477D35D319876A45007ED9DE /* XCTest.framework */,
			);
			name = Frameworks;
			sourceTree = "<group>";
		};
		477D35B719876A45007ED9DE /* mvc-practice */ = {
			isa = PBXGroup;
			children = (
				477D35C019876A45007ED9DE /* CustomTabAppDelegate.h */,
				477D35C119876A45007ED9DE /* CustomTabAppDelegate.m */,
				477D35C319876A45007ED9DE /* Main_iPhone.storyboard */,
				477D35C619876A45007ED9DE /* Main_iPad.storyboard */,
				477D35C919876A45007ED9DE /* CustomTabViewController.h */,
				477D35CA19876A45007ED9DE /* CustomTabViewController.m */,
				477D35CC19876A45007ED9DE /* Images.xcassets */,
				477D35B819876A45007ED9DE /* Supporting Files */,
			);
			path = "mvc-practice";
			sourceTree = "<group>";
		};
		477D35B819876A45007ED9DE /* Supporting Files */ = {
			isa = PBXGroup;
			children = (
				477D35B919876A45007ED9DE /* mvc-practice-Info.plist */,
				477D35BA19876A45007ED9DE /* InfoPlist.strings */,
				477D35BD19876A45007ED9DE /* main.m */,
				477D35BF19876A45007ED9DE /* mvc-practice-Prefix.pch */,
			);
			name = "Supporting Files";
			sourceTree = "<group>";
		};
		477D35D919876A45007ED9DE /* mvc-practiceTests */ = {
			isa = PBXGroup;
			children = (
				477D35DF19876A45007ED9DE /* mvc_practiceTests.m */,
				477D35DA19876A45007ED9DE /* Supporting Files */,
			);
			path = "mvc-practiceTests";
			sourceTree = "<group>";
		};
		477D35DA19876A45007ED9DE /* Supporting Files */ = {
			isa = PBXGroup;
			children = (
				477D35DB19876A45007ED9DE /* mvc-practiceTests-Info.plist */,
				477D35DC19876A45007ED9DE /* InfoPlist.strings */,
			);
			name = "Supporting Files";
			sourceTree = "<group>";
		};
/* End PBXGroup section */

/* Begin PBXNativeTarget section */
		477D35AD19876A45007ED9DE /* mvc-practice */ = {
			isa = PBXNativeTarget;
			buildConfigurationList = 477D35E319876A45007ED9DE /* Build configuration list for PBXNativeTarget "mvc-practice" */;
			buildPhases = (
				477D35AA19876A45007ED9DE /* Sources */,
				477D35AB19876A45007ED9DE /* Frameworks */,
				477D35AC19876A45007ED9DE /* Resources */,
			);
			buildRules = (
			);
			dependencies = (
			);
			name = "mvc-practice";
			productName = "mvc-practice";
			productReference = 477D35AE19876A45007ED9DE /* mvc-practice.app */;
			productType = "com.apple.product-type.application";
		};
		477D35D119876A45007ED9DE /* mvc-practiceTests */ = {
			isa = PBXNativeTarget;
			buildConfigurationList = 477D35E619876A45007ED9DE /* Build configuration list for PBXNativeTarget "mvc-practiceTests" */;
			buildPhases = (
				477D35CE19876A45007ED9DE /* Sources */,
				477D35CF19876A45007ED9DE /* Frameworks */,
				477D35D019876A45007ED9DE /* Resources */,
			);
			buildRules = (
			);
			dependencies = (
				477D35D819876A45007ED9DE /* PBXTargetDependency */,
			);
			name = "mvc-practiceTests";
			productName = "mvc-practiceTests";
			productReference = 477D35D219876A45007ED9DE /* mvc-practiceTests.xctest */;
			productType = "com.apple.product-type.bundle.unit-test";
		};
/* End PBXNativeTarget section */

/* Begin PBXProject section */
		477D35A619876A45007ED9DE /* Project object */ = {
			isa = PBXProject;
			attributes = {
				CLASSPREFIX = CustomTab;
				LastUpgradeCheck = 0510;
				ORGANIZATIONNAME = com.jehogu;
				TargetAttributes = {
					477D35D119876A45007ED9DE = {
						TestTargetID = 477D35AD19876A45007ED9DE;
					};
				};
			};
			buildConfigurationList = 477D35A919876A45007ED9DE /* Build configuration list for PBXProject "mvc-practice" */;
			compatibilityVersion = "Xcode 3.2";
			developmentRegion = English;
			hasScannedForEncodings = 0;
			knownRegions = (
				en,
				Base,
			);
			mainGroup = 477D35A519876A45007ED9DE;
			productRefGroup = 477D35AF19876A45007ED9DE /* Products */;
			projectDirPath = "";
			projectRoot = "";
			targets = (
				477D35AD19876A45007ED9DE /* mvc-practice */,
				477D35D119876A45007ED9DE /* mvc-practiceTests */,
			);
		};
/* End PBXProject section */

/* Begin PBXResourcesBuildPhase section */
		477D35AC19876A45007ED9DE /* Resources */ = {
			isa = PBXResourcesBuildPhase;
			buildActionMask = 2147483647;
			files = (
				477D35C819876A45007ED9DE /* Main_iPad.storyboard in Resources */,
				477D35CD19876A45007ED9DE /* Images.xcassets in Resources */,
				477D35C519876A45007ED9DE /* Main_iPhone.storyboard in Resources */,
				477D35BC19876A45007ED9DE /* InfoPlist.strings in Resources */,
			);
			runOnlyForDeploymentPostprocessing = 0;
		};
		477D35D019876A45007ED9DE /* Resources */ = {
			isa = PBXResourcesBuildPhase;
			buildActionMask = 2147483647;
			files = (
				477D35DE19876A45007ED9DE /* InfoPlist.strings in Resources */,
			);
			runOnlyForDeploymentPostprocessing = 0;
		};
/* End PBXResourcesBuildPhase section */

/* Begin PBXSourcesBuildPhase section */
		477D35AA19876A45007ED9DE /* Sources */ = {
			isa = PBXSourcesBuildPhase;
			buildActionMask = 2147483647;
			files = (
				477D35BE19876A45007ED9DE /* main.m in Sources */,
				477D35C219876A45007ED9DE /* CustomTabAppDelegate.m in Sources */,
				477D35CB19876A45007ED9DE /* CustomTabViewController.m in Sources */,
			);
			runOnlyForDeploymentPostprocessing = 0;
		};
		477D35CE19876A45007ED9DE /* Sources */ = {
			isa = PBXSourcesBuildPhase;
			buildActionMask = 2147483647;
			files = (
				477D35E019876A45007ED9DE /* mvc_practiceTests.m in Sources */,
			);
			runOnlyForDeploymentPostprocessing = 0;
		};
/* End PBXSourcesBuildPhase section */

/* Begin PBXTargetDependency section */
		477D35D819876A45007ED9DE /* PBXTargetDependency */ = {
			isa = PBXTargetDependency;
			target = 477D35AD19876A45007ED9DE /* mvc-practice */;
			targetProxy = 477D35D719876A45007ED9DE /* PBXContainerItemProxy */;
		};
/* End PBXTargetDependency section */

/* Begin PBXVariantGroup section */
		477D35BA19876A45007ED9DE /* InfoPlist.strings */ = {
			isa = PBXVariantGroup;
			children = (
				477D35BB19876A45007ED9DE /* en */,
			);
			name = InfoPlist.strings;
			sourceTree = "<group>";
		};
		477D35C319876A45007ED9DE /* Main_iPhone.storyboard */ = {
			isa = PBXVariantGroup;
			children = (
				477D35C419876A45007ED9DE /* Base */,
			);
			name = Main_iPhone.storyboard;
			sourceTree = "<group>";
		};
		477D35C619876A45007ED9DE /* Main_iPad.storyboard */ = {
			isa = PBXVariantGroup;
			children = (
				477D35C719876A45007ED9DE /* Base */,
			);
			name = Main_iPad.storyboard;
			sourceTree = "<group>";
		};
		477D35DC19876A45007ED9DE /* InfoPlist.strings */ = {
			isa = PBXVariantGroup;
			children = (
				477D35DD19876A45007ED9DE /* en */,
			);
			name = InfoPlist.strings;
			sourceTree = "<group>";
		};
/* End PBXVariantGroup section */

/* Begin XCBuildConfiguration section */
		477D35E119876A45007ED9DE /* Debug */ = {
			isa = XCBuildConfiguration;
			buildSettings = {
				ALWAYS_SEARCH_USER_PATHS = NO;
				CLANG_CXX_LANGUAGE_STANDARD = "gnu++0x";
				CLANG_CXX_LIBRARY = "libc++";
				CLANG_ENABLE_MODULES = YES;
				CLANG_ENABLE_OBJC_ARC = YES;
				CLANG_WARN_BOOL_CONVERSION = YES;
				CLANG_WARN_CONSTANT_CONVERSION = YES;
				CLANG_WARN_DIRECT_OBJC_ISA_USAGE = YES_ERROR;
				CLANG_WARN_EMPTY_BODY = YES;
				CLANG_WARN_ENUM_CONVERSION = YES;
				CLANG_WARN_INT_CONVERSION = YES;
				CLANG_WARN_OBJC_ROOT_CLASS = YES_ERROR;
				CLANG_WARN__DUPLICATE_METHOD_MATCH = YES;
				"CODE_SIGN_IDENTITY[sdk=iphoneos*]" = "iPhone Developer";
				COPY_PHASE_STRIP = NO;
				GCC_C_LANGUAGE_STANDARD = gnu99;
				GCC_DYNAMIC_NO_PIC = NO;
				GCC_OPTIMIZATION_LEVEL = 0;
				GCC_PREPROCESSOR_DEFINITIONS = (
					"DEBUG=1",
					"$(inherited)",
				);
				GCC_SYMBOLS_PRIVATE_EXTERN = NO;
				GCC_WARN_64_TO_32_BIT_CONVERSION = YES;
				GCC_WARN_ABOUT_RETURN_TYPE = YES_ERROR;
				GCC_WARN_UNDECLARED_SELECTOR = YES;
				GCC_WARN_UNINITIALIZED_AUTOS = YES_AGGRESSIVE;
				GCC_WARN_UNUSED_FUNCTION = YES;
				GCC_WARN_UNUSED_VARIABLE = YES;
				IPHONEOS_DEPLOYMENT_TARGET = 7.1;
				ONLY_ACTIVE_ARCH = YES;
				SDKROOT = iphoneos;
				TARGETED_DEVICE_FAMILY = "1,2";
			};
			name = Debug;
		};
		477D35E219876A45007ED9DE /* Release */ = {
			isa = XCBuildConfiguration;
			buildSettings = {
				ALWAYS_SEARCH_USER_PATHS = NO;
				CLANG_CXX_LANGUAGE_STANDARD = "gnu++0x";
				CLANG_CXX_LIBRARY = "libc++";
				CLANG_ENABLE_MODULES = YES;
				CLANG_ENABLE_OBJC_ARC = YES;
				CLANG_WARN_BOOL_CONVERSION = YES;
				CLANG_WARN_CONSTANT_CONVERSION = YES;
				CLANG_WARN_DIRECT_OBJC_ISA_USAGE = YES_ERROR;
				CLANG_WARN_EMPTY_BODY = YES;
				CLANG_WARN_ENUM_CONVERSION = YES;
				CLANG_WARN_INT_CONVERSION = YES;
				CLANG_WARN_OBJC_ROOT_CLASS = YES_ERROR;
				CLANG_WARN__DUPLICATE_METHOD_MATCH = YES;
				"CODE_SIGN_IDENTITY[sdk=iphoneos*]" = "iPhone Developer";
				COPY_PHASE_STRIP = YES;
				ENABLE_NS_ASSERTIONS = NO;
				GCC_C_LANGUAGE_STANDARD = gnu99;
				GCC_WARN_64_TO_32_BIT_CONVERSION = YES;
				GCC_WARN_ABOUT_RETURN_TYPE = YES_ERROR;
				GCC_WARN_UNDECLARED_SELECTOR = YES;
				GCC_WARN_UNINITIALIZED_AUTOS = YES_AGGRESSIVE;
				GCC_WARN_UNUSED_FUNCTION = YES;
				GCC_WARN_UNUSED_VARIABLE = YES;
				IPHONEOS_DEPLOYMENT_TARGET = 7.1;
				SDKROOT = iphoneos;
				TARGETED_DEVICE_FAMILY = "1,2";
				VALIDATE_PRODUCT = YES;
			};
			name = Release;
		};
		477D35E419876A45007ED9DE /* Debug */ = {
			isa = XCBuildConfiguration;
			buildSettings = {
				ASSETCATALOG_COMPILER_APPICON_NAME = AppIcon;
				ASSETCATALOG_COMPILER_LAUNCHIMAGE_NAME = LaunchImage;
				GCC_PRECOMPILE_PREFIX_HEADER = YES;
				GCC_PREFIX_HEADER = "mvc-practice/mvc-practice-Prefix.pch";
				INFOPLIST_FILE = "mvc-practice/mvc-practice-Info.plist";
				PRODUCT_NAME = "$(TARGET_NAME)";
				WRAPPER_EXTENSION = app;
			};
			name = Debug;
		};
		477D35E519876A45007ED9DE /* Release */ = {
			isa = XCBuildConfiguration;
			buildSettings = {
				ASSETCATALOG_COMPILER_APPICON_NAME = AppIcon;
				ASSETCATALOG_COMPILER_LAUNCHIMAGE_NAME = LaunchImage;
				GCC_PRECOMPILE_PREFIX_HEADER = YES;
				GCC_PREFIX_HEADER = "mvc-practice/mvc-practice-Prefix.pch";
				INFOPLIST_FILE = "mvc-practice/mvc-practice-Info.plist";
				PRODUCT_NAME = "$(TARGET_NAME)";
				WRAPPER_EXTENSION = app;
			};
			name = Release;
		};
		477D35E719876A45007ED9DE /* Debug */ = {
			isa = XCBuildConfiguration;
			buildSettings = {
				BUNDLE_LOADER = "$(BUILT_PRODUCTS_DIR)/mvc-practice.app/mvc-practice";
				FRAMEWORK_SEARCH_PATHS = (
					"$(SDKROOT)/Developer/Library/Frameworks",
					"$(inherited)",
					"$(DEVELOPER_FRAMEWORKS_DIR)",
				);
				GCC_PRECOMPILE_PREFIX_HEADER = YES;
				GCC_PREFIX_HEADER = "mvc-practice/mvc-practice-Prefix.pch";
				GCC_PREPROCESSOR_DEFINITIONS = (
					"DEBUG=1",
					"$(inherited)",
				);
				INFOPLIST_FILE = "mvc-practiceTests/mvc-practiceTests-Info.plist";
				PRODUCT_NAME = "$(TARGET_NAME)";
				TEST_HOST = "$(BUNDLE_LOADER)";
				WRAPPER_EXTENSION = xctest;
			};
			name = Debug;
		};
		477D35E819876A45007ED9DE /* Release */ = {
			isa = XCBuildConfiguration;
			buildSettings = {
				BUNDLE_LOADER = "$(BUILT_PRODUCTS_DIR)/mvc-practice.app/mvc-practice";
				FRAMEWORK_SEARCH_PATHS = (
					"$(SDKROOT)/Developer/Library/Frameworks",
					"$(inherited)",
					"$(DEVELOPER_FRAMEWORKS_DIR)",
				);
				GCC_PRECOMPILE_PREFIX_HEADER = YES;
				GCC_PREFIX_HEADER = "mvc-practice/mvc-practice-Prefix.pch";
				INFOPLIST_FILE = "mvc-practiceTests/mvc-practiceTests-Info.plist";
				PRODUCT_NAME = "$(TARGET_NAME)";
				TEST_HOST = "$(BUNDLE_LOADER)";
				WRAPPER_EXTENSION = xctest;
			};
			name = Release;
		};
/* End XCBuildConfiguration section */

/* Begin XCConfigurationList section */
		477D35A919876A45007ED9DE /* Build configuration list for PBXProject "mvc-practice" */ = {
			isa = XCConfigurationList;
			buildConfigurations = (
				477D35E119876A45007ED9DE /* Debug */,
				477D35E219876A45007ED9DE /* Release */,
			);
			defaultConfigurationIsVisible = 0;
			defaultConfigurationName = Release;
		};
		477D35E319876A45007ED9DE /* Build configuration list for PBXNativeTarget "mvc-practice" */ = {
			isa = XCConfigurationList;
			buildConfigurations = (
				477D35E419876A45007ED9DE /* Debug */,
				477D35E519876A45007ED9DE /* Release */,
			);
			defaultConfigurationIsVisible = 0;
		};
		477D35E619876A45007ED9DE /* Build configuration list for PBXNativeTarget "mvc-practiceTests" */ = {
			isa = XCConfigurationList;
			buildConfigurations = (
				477D35E719876A45007ED9DE /* Debug */,
				477D35E819876A45007ED9DE /* Release */,
			);
			defaultConfigurationIsVisible = 0;
		};
/* End XCConfigurationList section */
	};
	rootObject = 477D35A619876A45007ED9DE /* Project object */;
}
